{
  "lockfile-version": 1,
  "manifest": {
    "schema-version": "1.13.0",
    "install": {
      "python3": {
        "pkg-path": "python3",
        "version": ">=3.10"
      },
      "temporal-cli": {
        "pkg-path": "temporal-cli"
      }
    },
    "hook": {
      "on-activate": "  # Autogenerated by Flox\n\n  # Set up a Python virtual environment\n\n  export PYTHON_DIR=\"$FLOX_ENV_CACHE/python\"\n  if [ ! -d \"$PYTHON_DIR\" ]; then\n    echo \"Creating python virtual environment in $PYTHON_DIR\"\n    python -m venv \"$PYTHON_DIR\"\n  fi\n\n  # Quietly activate venv and install packages in a subshell so\n  # that the venv can be freshly activated in the profile section.\n  (\n    source \"$PYTHON_DIR/bin/activate\"\n    # install the dependencies for this project based on pyproject.toml\n    # <https://pip.pypa.io/en/stable/cli/pip_install/>\n    pip install -e . --quiet\n  )\n\n  # End autogenerated by Flox\n"
    },
    "profile": {
      "bash": "  # Autogenerated by Flox\n\n  echo \"Activating python virtual environment\" >&2\n  source \"$PYTHON_DIR/bin/activate\"\n\n  # End autogenerated by Flox\n",
      "zsh": "  # Autogenerated by Flox\n\n  echo \"Activating python virtual environment\" >&2\n  source \"$PYTHON_DIR/bin/activate\"\n\n  # End autogenerated by Flox\n",
      "fish": "  # Autogenerated by Flox\n\n  echo \"Activating python virtual environment\" >&2\n  source \"$PYTHON_DIR/bin/activate.fish\"\n\n  # End autogenerated by Flox\n",
      "tcsh": "  # Autogenerated by Flox\n\n  echo \"Activating python virtual environment\" >&2\n  source \"$PYTHON_DIR/bin/activate.csh\"\n\n  # End autogenerated by Flox\n"
    },
    "options": {}
  },
  "packages": [
    {
      "attr_path": "python3",
      "broken": false,
      "derivation": "/nix/store/ffz1bwjdzglryqx0pn3jngal4bz66xfh-python3-3.13.13.drv",
      "description": "High-level dynamically-typed programming language",
      "install_id": "python3",
      "license": "Python-2.0",
      "locked_url": "https://github.com/flox/nixpkgs?rev=d407951447dcd00442e97087bf374aad70c04cea",
      "name": "python3-3.13.13",
      "pname": "python3",
      "rev": "d407951447dcd00442e97087bf374aad70c04cea",
      "rev_count": 1027867,
      "rev_date": "2026-07-05T04:06:12Z",
      "scrape_date": "2026-07-06T03:13:37.148341Z",
      "stabilities": [
        "unstable"
      ],
      "unfree": false,
      "version": "3.13.13",
      "outputs_to_install": [
        "out"
      ],
      "outputs": {
        "out": "/nix/store/mfkdmplffnbc0av8r6pknl796a6b1r2n-python3-3.13.13"
      },
      "system": "aarch64-darwin",
      "group": "toplevel",
      "priority": 5
    },
    {
      "attr_path": "python3",
      "broken": false,
      "derivation": "/nix/store/v13czlpngkramf29nnn8qa0l4svfflwm-python3-3.13.13.drv",
      "description": "High-level dynamically-typed programming language",
      "install_id": "python3",
      "license": "Python-2.0",
      "locked_url": "https://github.com/flox/nixpkgs?rev=d407951447dcd00442e97087bf374aad70c04cea",
      "name": "python3-3.13.13",
      "pname": "python3",
      "rev": "d407951447dcd00442e97087bf374aad70c04cea",
      "rev_count": 1027867,
      "rev_date": "2026-07-05T04:06:12Z",
      "scrape_date": "2026-07-06T03:42:22.923986Z",
      "stabilities": [
        "unstable"
      ],
      "unfree": false,
      "version": "3.13.13",
      "outputs_to_install": [
        "out",
        "out"
      ],
      "outputs": {
        "debug": "/nix/store/qfb6yj603w8qxd86j0cj7w54l1pv3rkz-python3-3.13.13-debug",
        "out": "/nix/store/smwd56pl54f0pcjdspgh5vnf20c8xwsc-python3-3.13.13"
      },
      "system": "aarch64-linux",
      "group": "toplevel",
      "priority": 5
    },
    {
      "attr_path": "python3",
      "broken": false,
      "derivation": "/nix/store/5vh9qfs54q47jybcd5zhxmap7lgk2dhg-python3-3.13.13.drv",
      "description": "High-level dynamically-typed programming language",
      "install_id": "python3",
      "license": "Python-2.0",
      "locked_url": "https://github.com/flox/nixpkgs?rev=d407951447dcd00442e97087bf374aad70c04cea",
      "name": "python3-3.13.13",
      "pname": "python3",
      "rev": "d407951447dcd00442e97087bf374aad70c04cea",
      "rev_count": 1027867,
      "rev_date": "2026-07-05T04:06:12Z",
      "scrape_date": "2026-07-06T04:09:53.021160Z",
      "stabilities": [
        "unstable"
      ],
      "unfree": false,
      "version": "3.13.13",
      "outputs_to_install": [
        "out"
      ],
      "outputs": {
        "out": "/nix/store/1137mc2md1ip5pdslybxl05kysjyh4rg-python3-3.13.13"
      },
      "system": "x86_64-darwin",
      "group": "toplevel",
      "priority": 5
    },
    {
      "attr_path": "python3",
      "broken": false,
      "derivation": "/nix/store/d8rrzn9gg475brqyfpdaa3w76gzwmvx4-python3-3.13.13.drv",
      "description": "High-level dynamically-typed programming language",
      "install_id": "python3",
      "license": "Python-2.0",
      "locked_url": "https://github.com/flox/nixpkgs?rev=d407951447dcd00442e97087bf374aad70c04cea",
      "name": "python3-3.13.13",
      "pname": "python3",
      "rev": "d407951447dcd00442e97087bf374aad70c04cea",
      "rev_count": 1027867,
      "rev_date": "2026-07-05T04:06:12Z",
      "scrape_date": "2026-07-06T04:41:29.489145Z",
      "stabilities": [
        "unstable"
      ],
      "unfree": false,
      "version": "3.13.13",
      "outputs_to_install": [
        "out",
        "out"
      ],
      "outputs": {
        "debug": "/nix/store/g2pg1an3v5pm2fmwg1g7dw77ddpqirg7-python3-3.13.13-debug",
        "out": "/nix/store/l9k0anq0z7zz81zcwy035jfwap9ga6rl-python3-3.13.13"
      },
      "system": "x86_64-linux",
      "group": "toplevel",
      "priority": 5
    },
    {
      "attr_path": "temporal-cli",
      "broken": false,
      "derivation": "/nix/store/7fk5fcgsayr73ss6hs7wx07pfq3grm5m-temporal-cli-1.7.2.drv",
      "description": "Command-line interface for running Temporal Server and interacting with Workflows, Activities, Namespaces, and other parts of Temporal",
      "install_id": "temporal-cli",
      "license": "MIT",
      "locked_url": "https://github.com/flox/nixpkgs?rev=d407951447dcd00442e97087bf374aad70c04cea",
      "name": "temporal-cli-1.7.2",
      "pname": "temporal-cli",
      "rev": "d407951447dcd00442e97087bf374aad70c04cea",
      "rev_count": 1027867,
      "rev_date": "2026-07-05T04:06:12Z",
      "scrape_date": "2026-07-06T03:14:54.383078Z",
      "stabilities": [
        "unstable"
      ],
      "unfree": false,
      "version": "1.7.2",
      "outputs_to_install": [
        "out"
      ],
      "outputs": {
        "out": "/nix/store/n36aqf50v3h60a4k2ij6vpjv8bfscwdi-temporal-cli-1.7.2"
      },
      "system": "aarch64-darwin",
      "group": "toplevel",
      "priority": 5
    },
    {
      "attr_path": "temporal-cli",
      "broken": false,
      "derivation": "/nix/store/s9hchp0j5ixnvg1lkjbsxsj7b691x50x-temporal-cli-1.7.2.drv",
      "description": "Command-line interface for running Temporal Server and interacting with Workflows, Activities, Namespaces, and other parts of Temporal",
      "install_id": "temporal-cli",
      "license": "MIT",
      "locked_url": "https://github.com/flox/nixpkgs?rev=d407951447dcd00442e97087bf374aad70c04cea",
      "name": "temporal-cli-1.7.2",
      "pname": "temporal-cli",
      "rev": "d407951447dcd00442e97087bf374aad70c04cea",
      "rev_count": 1027867,
      "rev_date": "2026-07-05T04:06:12Z",
      "scrape_date": "2026-07-06T03:43:55.102470Z",
      "stabilities": [
        "unstable"
      ],
      "unfree": false,
      "version": "1.7.2",
      "outputs_to_install": [
        "out"
      ],
      "outputs": {
        "out": "/nix/store/fvjbp6q9smsbid3mai9g7kph9s6i7c76-temporal-cli-1.7.2"
      },
      "system": "aarch64-linux",
      "group": "toplevel",
      "priority": 5
    },
    {
      "attr_path": "temporal-cli",
      "broken": false,
      "derivation": "/nix/store/3yfrdf75j5ddh6rnlidbasabmq8jvvn9-temporal-cli-1.7.2.drv",
      "description": "Command-line interface for running Temporal Server and interacting with Workflows, Activities, Namespaces, and other parts of Temporal",
      "install_id": "temporal-cli",
      "license": "MIT",
      "locked_url": "https://github.com/flox/nixpkgs?rev=d407951447dcd00442e97087bf374aad70c04cea",
      "name": "temporal-cli-1.7.2",
      "pname": "temporal-cli",
      "rev": "d407951447dcd00442e97087bf374aad70c04cea",
      "rev_count": 1027867,
      "rev_date": "2026-07-05T04:06:12Z",
      "scrape_date": "2026-07-06T04:11:28.377398Z",
      "stabilities": [
        "unstable"
      ],
      "unfree": false,
      "version": "1.7.2",
      "outputs_to_install": [
        "out"
      ],
      "outputs": {
        "out": "/nix/store/bh06550zmhadcmfn67a12265ppwzlnw1-temporal-cli-1.7.2"
      },
      "system": "x86_64-darwin",
      "group": "toplevel",
      "priority": 5
    },
    {
      "attr_path": "temporal-cli",
      "broken": false,
      "derivation": "/nix/store/alm6xwg2izqq5y1qlm4sh07qdy5z5rfk-temporal-cli-1.7.2.drv",
      "description": "Command-line interface for running Temporal Server and interacting with Workflows, Activities, Namespaces, and other parts of Temporal",
      "install_id": "temporal-cli",
      "license": "MIT",
      "locked_url": "https://github.com/flox/nixpkgs?rev=d407951447dcd00442e97087bf374aad70c04cea",
      "name": "temporal-cli-1.7.2",
      "pname": "temporal-cli",
      "rev": "d407951447dcd00442e97087bf374aad70c04cea",
      "rev_count": 1027867,
      "rev_date": "2026-07-05T04:06:12Z",
      "scrape_date": "2026-07-06T04:43:11.731369Z",
      "stabilities": [
        "unstable"
      ],
      "unfree": false,
      "version": "1.7.2",
      "outputs_to_install": [
        "out"
      ],
      "outputs": {
        "out": "/nix/store/0qjazcarm5k4gcyfxk6mcihvz8qsascd-temporal-cli-1.7.2"
      },
      "system": "x86_64-linux",
      "group": "toplevel",
      "priority": 5
    }
  ]
}
