{
  "lockfile-version": 1,
  "manifest": {
    "schema-version": "1.13.0",
    "install": {
      "grafana": {
        "pkg-path": "grafana",
        "pkg-group": "grafana",
        "version": "13.0.3"
      },
      "grafana-alloy": {
        "pkg-path": "grafana-alloy",
        "pkg-group": "alloy",
        "version": "1.16.0"
      },
      "grafana-loki": {
        "pkg-path": "grafana-loki",
        "version": "3.6.8"
      },
      "nodejs": {
        "pkg-path": "nodejs_22",
        "pkg-group": "node"
      },
      "prometheus": {
        "pkg-path": "prometheus"
      },
      "python3": {
        "pkg-path": "python3",
        "version": ">=3.10"
      },
      "temporal-cli": {
        "pkg-path": "temporal-cli"
      }
    },
    "vars": {
      "LANGFUSE_HOST": "http://localhost:3001",
      "LANGFUSE_PUBLIC_KEY": "pk-lf-agentloom-local",
      "LANGFUSE_SECRET_KEY": "sk-lf-agentloom-local"
    },
    "hook": {
      "on-activate": "  # Autogenerated by Flox\n\n  # Load project secrets (ANTHROPIC_API_KEY, etc.) from .env, if present, so\n  # they're part of the activated environment that `flox services start`\n  # (including the `worker` service) inherits. .env is gitignored — this is\n  # the only place its values get sourced, since worker.py has no dotenv call.\n  if [ -f \"$FLOX_ENV_PROJECT/.env\" ]; then\n    set -a\n    source \"$FLOX_ENV_PROJECT/.env\"\n    set +a\n  fi\n\n  # Set up a Python virtual environment\n\n  export PYTHON_DIR=\"$FLOX_ENV_CACHE/python\"\n  if [ ! -d \"$PYTHON_DIR\" ]; then\n    echo \"Creating python virtual environment in $PYTHON_DIR\"\n    python -m venv \"$PYTHON_DIR\"\n  fi\n\n  # Quietly activate venv and install packages in a subshell so\n  # that the venv can be freshly activated in the profile section.\n  (\n    source \"$PYTHON_DIR/bin/activate\"\n    # install the dependencies for this project based on pyproject.toml\n    # (with the e2b extra so the worker can host E2B cloud sandboxes)\n    # <https://pip.pypa.io/en/stable/cli/pip_install/>\n    pip install -e '.[e2b]' --quiet\n  )\n\n  # End autogenerated by Flox\n"
    },
    "profile": {
      "bash": "  # Autogenerated by Flox\n\n  echo \"Activating python virtual environment\" >&2\n  source \"$PYTHON_DIR/bin/activate\"\n\n  # End autogenerated by Flox\n",
      "zsh": "  # Autogenerated by Flox\n\n  echo \"Activating python virtual environment\" >&2\n  source \"$PYTHON_DIR/bin/activate\"\n\n  # End autogenerated by Flox\n",
      "fish": "  # Autogenerated by Flox\n\n  echo \"Activating python virtual environment\" >&2\n  source \"$PYTHON_DIR/bin/activate.fish\"\n\n  # End autogenerated by Flox\n",
      "tcsh": "  # Autogenerated by Flox\n\n  echo \"Activating python virtual environment\" >&2\n  source \"$PYTHON_DIR/bin/activate.csh\"\n\n  # End autogenerated by Flox\n"
    },
    "options": {},
    "services": {
      "alloy": {
        "command": "  mkdir -p \"$FLOX_ENV_CACHE/alloy\"\n  exec alloy run \"$FLOX_ENV_PROJECT/observability/alloy.alloy\" --storage.path=\"$FLOX_ENV_CACHE/alloy\" --server.http.listen-addr=127.0.0.1:12345\n"
      },
      "api": {
        "command": "  cd \"$FLOX_ENV_PROJECT\"\n  exec \"$PYTHON_DIR/bin/python\" -m agentloom.api.serve\n"
      },
      "frontend": {
        "command": "  cd \"$FLOX_ENV_PROJECT/frontend\"\n  [ -d node_modules ] || npm install --no-audit --no-fund\n  export VITE_API_PROXY_TARGET=http://localhost:8000\n  exec npm run dev\n"
      },
      "grafana": {
        "command": "  mkdir -p \"$FLOX_ENV_CACHE/grafana/data\" \"$FLOX_ENV_CACHE/grafana/logs\" \"$FLOX_ENV_CACHE/grafana/plugins\"\n  export GF_PATHS_DATA=\"$FLOX_ENV_CACHE/grafana/data\"\n  export GF_PATHS_LOGS=\"$FLOX_ENV_CACHE/grafana/logs\"\n  export GF_PATHS_PLUGINS=\"$FLOX_ENV_CACHE/grafana/plugins\"\n  export GF_PATHS_PROVISIONING=\"$FLOX_ENV_PROJECT/observability/grafana/provisioning\"\n  export AGENTLOOM_DASHBOARDS_DIR=\"$FLOX_ENV_PROJECT/observability/grafana/dashboards\"\n  export GF_AUTH_ANONYMOUS_ENABLED=true\n  export GF_AUTH_ANONYMOUS_ORG_ROLE=Admin\n  exec grafana server --homepath \"$FLOX_ENV/share/grafana\"\n"
      },
      "langfuse": {
        "command": "  exec docker compose -f \"$FLOX_ENV_PROJECT/observability/langfuse/docker-compose.yml\" up\n"
      },
      "loki": {
        "command": "  mkdir -p \"$FLOX_ENV_CACHE/loki\"\n  exec loki -config.file=\"$FLOX_ENV_PROJECT/observability/loki.yml\" -config.expand-env=true\n"
      },
      "prometheus": {
        "command": "  mkdir -p \"$FLOX_ENV_CACHE/prometheus-data\"\n  exec prometheus --config.file=\"$FLOX_ENV_PROJECT/observability/prometheus.yml\" --storage.tsdb.path=\"$FLOX_ENV_CACHE/prometheus-data\" --web.listen-address=localhost:9090\n"
      },
      "temporal": {
        "command": "  exec temporal server start-dev --metrics-port 9091 --db-filename \"$FLOX_ENV_CACHE/temporal.db\"\n"
      },
      "worker": {
        "command": "  cd \"$FLOX_ENV_PROJECT\"\n  until temporal operator cluster health --address localhost:7233 >/dev/null 2>&1; do\n    sleep 1\n  done\n  export WORKER_LOG_FILE=\"$FLOX_ENV_CACHE/worker.log\"\n  exec \"$PYTHON_DIR/bin/python\" -m agentloom.worker\n"
      }
    }
  },
  "packages": [
    {
      "attr_path": "grafana-alloy",
      "broken": false,
      "derivation": "/nix/store/9zgshvc99xmhaalf5cbqxx4vsm2syfbh-grafana-alloy-1.16.0.drv",
      "description": "OpenTelemetry Collector distribution with programmable pipelines",
      "install_id": "grafana-alloy",
      "license": "Apache-2.0",
      "locked_url": "https://github.com/flox/nixpkgs?rev=d407951447dcd00442e97087bf374aad70c04cea",
      "name": "grafana-alloy-1.16.0",
      "pname": "grafana-alloy",
      "rev": "d407951447dcd00442e97087bf374aad70c04cea",
      "rev_count": 1027867,
      "rev_date": "2026-07-05T04:06:12Z",
      "scrape_date": "2026-07-06T03:12:56.368783Z",
      "stabilities": [
        "unstable"
      ],
      "unfree": false,
      "version": "1.16.0",
      "outputs_to_install": [
        "out"
      ],
      "outputs": {
        "out": "/nix/store/0iq8ry9isx341fxgawaxw9mfgkpcgwp7-grafana-alloy-1.16.0"
      },
      "system": "aarch64-darwin",
      "group": "alloy",
      "priority": 5
    },
    {
      "attr_path": "grafana-alloy",
      "broken": false,
      "derivation": "/nix/store/p1zd3kiyrn93bmrplvlj7xpjs1i9lg9l-grafana-alloy-1.16.0.drv",
      "description": "OpenTelemetry Collector distribution with programmable pipelines",
      "install_id": "grafana-alloy",
      "license": "Apache-2.0",
      "locked_url": "https://github.com/flox/nixpkgs?rev=d407951447dcd00442e97087bf374aad70c04cea",
      "name": "grafana-alloy-1.16.0",
      "pname": "grafana-alloy",
      "rev": "d407951447dcd00442e97087bf374aad70c04cea",
      "rev_count": 1027867,
      "rev_date": "2026-07-05T04:06:12Z",
      "scrape_date": "2026-07-06T03:41:24.120878Z",
      "stabilities": [
        "unstable"
      ],
      "unfree": false,
      "version": "1.16.0",
      "outputs_to_install": [
        "out"
      ],
      "outputs": {
        "out": "/nix/store/f85w6pjllm3aqicdcgzvqxz8glxsmwh8-grafana-alloy-1.16.0"
      },
      "system": "aarch64-linux",
      "group": "alloy",
      "priority": 5
    },
    {
      "attr_path": "grafana-alloy",
      "broken": false,
      "derivation": "/nix/store/hp8ncq5h1klm7djadh5035ps4a2c83bj-grafana-alloy-1.16.0.drv",
      "description": "OpenTelemetry Collector distribution with programmable pipelines",
      "install_id": "grafana-alloy",
      "license": "Apache-2.0",
      "locked_url": "https://github.com/flox/nixpkgs?rev=d407951447dcd00442e97087bf374aad70c04cea",
      "name": "grafana-alloy-1.16.0",
      "pname": "grafana-alloy",
      "rev": "d407951447dcd00442e97087bf374aad70c04cea",
      "rev_count": 1027867,
      "rev_date": "2026-07-05T04:06:12Z",
      "scrape_date": "2026-07-06T04:09:02.000133Z",
      "stabilities": [
        "unstable"
      ],
      "unfree": false,
      "version": "1.16.0",
      "outputs_to_install": [
        "out"
      ],
      "outputs": {
        "out": "/nix/store/9y7ljyx7xz9ihgrj9r9rp0s8vhjg935x-grafana-alloy-1.16.0"
      },
      "system": "x86_64-darwin",
      "group": "alloy",
      "priority": 5
    },
    {
      "attr_path": "grafana-alloy",
      "broken": false,
      "derivation": "/nix/store/yqzfg92p6wkkc989h484rdbyyak0fxig-grafana-alloy-1.16.0.drv",
      "description": "OpenTelemetry Collector distribution with programmable pipelines",
      "install_id": "grafana-alloy",
      "license": "Apache-2.0",
      "locked_url": "https://github.com/flox/nixpkgs?rev=d407951447dcd00442e97087bf374aad70c04cea",
      "name": "grafana-alloy-1.16.0",
      "pname": "grafana-alloy",
      "rev": "d407951447dcd00442e97087bf374aad70c04cea",
      "rev_count": 1027867,
      "rev_date": "2026-07-05T04:06:12Z",
      "scrape_date": "2026-07-06T04:40:26.951974Z",
      "stabilities": [
        "unstable"
      ],
      "unfree": false,
      "version": "1.16.0",
      "outputs_to_install": [
        "out"
      ],
      "outputs": {
        "out": "/nix/store/p20p3x6mcwkb99ilz3y2izhi6215dd5r-grafana-alloy-1.16.0"
      },
      "system": "x86_64-linux",
      "group": "alloy",
      "priority": 5
    },
    {
      "attr_path": "grafana",
      "broken": false,
      "derivation": "/nix/store/ixf0xhf46g10ld2hsqk1v4hpyirb042f-grafana-13.0.3.drv",
      "description": "Gorgeous metric viz, dashboards & editors for Graphite, InfluxDB & OpenTSDB",
      "install_id": "grafana",
      "license": "AGPL-3.0-only",
      "locked_url": "https://github.com/flox/nixpkgs?rev=d407951447dcd00442e97087bf374aad70c04cea",
      "name": "grafana-13.0.3",
      "pname": "grafana",
      "rev": "d407951447dcd00442e97087bf374aad70c04cea",
      "rev_count": 1027867,
      "rev_date": "2026-07-05T04:06:12Z",
      "scrape_date": "2026-07-06T03:12:56.368432Z",
      "stabilities": [
        "unstable"
      ],
      "unfree": false,
      "version": "13.0.3",
      "outputs_to_install": [
        "out"
      ],
      "outputs": {
        "out": "/nix/store/al3cfrlw6zff7sr68il9rr1z24anxfhm-grafana-13.0.3"
      },
      "system": "aarch64-darwin",
      "group": "grafana",
      "priority": 5
    },
    {
      "attr_path": "grafana",
      "broken": false,
      "derivation": "/nix/store/llx7mn392x0iy9vyzikl93sl85csz986-grafana-13.0.3.drv",
      "description": "Gorgeous metric viz, dashboards & editors for Graphite, InfluxDB & OpenTSDB",
      "install_id": "grafana",
      "license": "AGPL-3.0-only",
      "locked_url": "https://github.com/flox/nixpkgs?rev=d407951447dcd00442e97087bf374aad70c04cea",
      "name": "grafana-13.0.3",
      "pname": "grafana",
      "rev": "d407951447dcd00442e97087bf374aad70c04cea",
      "rev_count": 1027867,
      "rev_date": "2026-07-05T04:06:12Z",
      "scrape_date": "2026-07-06T03:41:24.120407Z",
      "stabilities": [
        "unstable"
      ],
      "unfree": false,
      "version": "13.0.3",
      "outputs_to_install": [
        "out"
      ],
      "outputs": {
        "out": "/nix/store/zaahjbwlkigl7b5247aaf5jg869x59i8-grafana-13.0.3"
      },
      "system": "aarch64-linux",
      "group": "grafana",
      "priority": 5
    },
    {
      "attr_path": "grafana",
      "broken": false,
      "derivation": "/nix/store/chw46lk4ya247w17axnspgx7117vnbgd-grafana-13.0.3.drv",
      "description": "Gorgeous metric viz, dashboards & editors for Graphite, InfluxDB & OpenTSDB",
      "install_id": "grafana",
      "license": "AGPL-3.0-only",
      "locked_url": "https://github.com/flox/nixpkgs?rev=d407951447dcd00442e97087bf374aad70c04cea",
      "name": "grafana-13.0.3",
      "pname": "grafana",
      "rev": "d407951447dcd00442e97087bf374aad70c04cea",
      "rev_count": 1027867,
      "rev_date": "2026-07-05T04:06:12Z",
      "scrape_date": "2026-07-06T04:09:01.999594Z",
      "stabilities": [
        "unstable"
      ],
      "unfree": false,
      "version": "13.0.3",
      "outputs_to_install": [
        "out"
      ],
      "outputs": {
        "out": "/nix/store/g5i0y94hv1ydnaxnfqf4y3x4cpj7b75d-grafana-13.0.3"
      },
      "system": "x86_64-darwin",
      "group": "grafana",
      "priority": 5
    },
    {
      "attr_path": "grafana",
      "broken": false,
      "derivation": "/nix/store/zads7dvx00mh0d9jm0q7fr2g5pq5c6ar-grafana-13.0.3.drv",
      "description": "Gorgeous metric viz, dashboards & editors for Graphite, InfluxDB & OpenTSDB",
      "install_id": "grafana",
      "license": "AGPL-3.0-only",
      "locked_url": "https://github.com/flox/nixpkgs?rev=d407951447dcd00442e97087bf374aad70c04cea",
      "name": "grafana-13.0.3",
      "pname": "grafana",
      "rev": "d407951447dcd00442e97087bf374aad70c04cea",
      "rev_count": 1027867,
      "rev_date": "2026-07-05T04:06:12Z",
      "scrape_date": "2026-07-06T04:40:26.951499Z",
      "stabilities": [
        "unstable"
      ],
      "unfree": false,
      "version": "13.0.3",
      "outputs_to_install": [
        "out"
      ],
      "outputs": {
        "out": "/nix/store/cxwvzm7b2f0cfq5slddrqmpkssap0vmp-grafana-13.0.3"
      },
      "system": "x86_64-linux",
      "group": "grafana",
      "priority": 5
    },
    {
      "attr_path": "nodejs_22",
      "broken": false,
      "derivation": "/nix/store/pq9j3kpz21m4rhmy04qxrz6p1bqd8m57-nodejs-22.23.1.drv",
      "description": "Event-driven I/O framework for the V8 JavaScript engine",
      "install_id": "nodejs",
      "license": "MIT",
      "locked_url": "https://github.com/flox/nixpkgs?rev=d407951447dcd00442e97087bf374aad70c04cea",
      "name": "nodejs-22.23.1",
      "pname": "nodejs_22",
      "rev": "d407951447dcd00442e97087bf374aad70c04cea",
      "rev_count": 1027867,
      "rev_date": "2026-07-05T04:06:12Z",
      "scrape_date": "2026-07-06T03:13:20.509310Z",
      "stabilities": [
        "unstable"
      ],
      "unfree": false,
      "version": "22.23.1",
      "outputs_to_install": [
        "out"
      ],
      "outputs": {
        "out": "/nix/store/smz0kkakhq96h1ipimiab6cf1yw4nn7n-nodejs-22.23.1"
      },
      "system": "aarch64-darwin",
      "group": "node",
      "priority": 5
    },
    {
      "attr_path": "nodejs_22",
      "broken": false,
      "derivation": "/nix/store/h8zravrhkxfnx4zb5z1k5r9yfmg4nqf0-nodejs-22.23.1.drv",
      "description": "Event-driven I/O framework for the V8 JavaScript engine",
      "install_id": "nodejs",
      "license": "MIT",
      "locked_url": "https://github.com/flox/nixpkgs?rev=d407951447dcd00442e97087bf374aad70c04cea",
      "name": "nodejs-22.23.1",
      "pname": "nodejs_22",
      "rev": "d407951447dcd00442e97087bf374aad70c04cea",
      "rev_count": 1027867,
      "rev_date": "2026-07-05T04:06:12Z",
      "scrape_date": "2026-07-06T03:42:00.478558Z",
      "stabilities": [
        "unstable"
      ],
      "unfree": false,
      "version": "22.23.1",
      "outputs_to_install": [
        "out"
      ],
      "outputs": {
        "out": "/nix/store/26r12fb2ywx1q5f9paf1sjibsajz1q99-nodejs-22.23.1"
      },
      "system": "aarch64-linux",
      "group": "node",
      "priority": 5
    },
    {
      "attr_path": "nodejs_22",
      "broken": false,
      "derivation": "/nix/store/3vxsfqn82i1z86659wiasjlb2dfvgibm-nodejs-22.23.1.drv",
      "description": "Event-driven I/O framework for the V8 JavaScript engine",
      "install_id": "nodejs",
      "license": "MIT",
      "locked_url": "https://github.com/flox/nixpkgs?rev=d407951447dcd00442e97087bf374aad70c04cea",
      "name": "nodejs-22.23.1",
      "pname": "nodejs_22",
      "rev": "d407951447dcd00442e97087bf374aad70c04cea",
      "rev_count": 1027867,
      "rev_date": "2026-07-05T04:06:12Z",
      "scrape_date": "2026-07-06T04:09:32.260955Z",
      "stabilities": [
        "unstable"
      ],
      "unfree": false,
      "version": "22.23.1",
      "outputs_to_install": [
        "out"
      ],
      "outputs": {
        "out": "/nix/store/l1yfdvdrz1vl6f3wsyjglxgsk6r29rkn-nodejs-22.23.1"
      },
      "system": "x86_64-darwin",
      "group": "node",
      "priority": 5
    },
    {
      "attr_path": "nodejs_22",
      "broken": false,
      "derivation": "/nix/store/hwfi98yarrbhlncwsgad2bjw2g2ighqh-nodejs-22.23.1.drv",
      "description": "Event-driven I/O framework for the V8 JavaScript engine",
      "install_id": "nodejs",
      "license": "MIT",
      "locked_url": "https://github.com/flox/nixpkgs?rev=d407951447dcd00442e97087bf374aad70c04cea",
      "name": "nodejs-22.23.1",
      "pname": "nodejs_22",
      "rev": "d407951447dcd00442e97087bf374aad70c04cea",
      "rev_count": 1027867,
      "rev_date": "2026-07-05T04:06:12Z",
      "scrape_date": "2026-07-06T04:41:05.930896Z",
      "stabilities": [
        "unstable"
      ],
      "unfree": false,
      "version": "22.23.1",
      "outputs_to_install": [
        "out"
      ],
      "outputs": {
        "out": "/nix/store/znxrv89969njb8fxyyn8rz4ygmmcjpw9-nodejs-22.23.1"
      },
      "system": "x86_64-linux",
      "group": "node",
      "priority": 5
    },
    {
      "attr_path": "grafana-loki",
      "broken": false,
      "derivation": "/nix/store/6a4vdnm2kbrcws6qz6bgvr2wyl9hxj9c-grafana-loki-3.6.8.drv",
      "description": "Like Prometheus, but for logs",
      "install_id": "grafana-loki",
      "license": "[ AGPL-3.0-only, Apache-2.0 ]",
      "locked_url": "https://github.com/flox/nixpkgs?rev=6201e203d09599479a3b3450ed24fa81537ebc4e",
      "name": "grafana-loki-3.6.8",
      "pname": "grafana-loki",
      "rev": "6201e203d09599479a3b3450ed24fa81537ebc4e",
      "rev_count": 972949,
      "rev_date": "2026-04-01T09:47:46Z",
      "scrape_date": "2026-04-02T18:01:04.723400Z",
      "stabilities": [
        "staging",
        "unstable"
      ],
      "unfree": false,
      "version": "3.6.8",
      "outputs_to_install": [
        "out"
      ],
      "outputs": {
        "out": "/nix/store/g8pymcnk2f7jknmh7qq30jqvcam3g3xp-grafana-loki-3.6.8"
      },
      "system": "aarch64-darwin",
      "group": "toplevel",
      "priority": 5
    },
    {
      "attr_path": "grafana-loki",
      "broken": false,
      "derivation": "/nix/store/grqbivv76y6bfa4xmxwjy099zrwr6has-grafana-loki-3.6.8.drv",
      "description": "Like Prometheus, but for logs",
      "install_id": "grafana-loki",
      "license": "[ AGPL-3.0-only, Apache-2.0 ]",
      "locked_url": "https://github.com/flox/nixpkgs?rev=6201e203d09599479a3b3450ed24fa81537ebc4e",
      "name": "grafana-loki-3.6.8",
      "pname": "grafana-loki",
      "rev": "6201e203d09599479a3b3450ed24fa81537ebc4e",
      "rev_count": 972949,
      "rev_date": "2026-04-01T09:47:46Z",
      "scrape_date": "2026-04-02T18:32:37.787694Z",
      "stabilities": [
        "staging",
        "unstable"
      ],
      "unfree": false,
      "version": "3.6.8",
      "outputs_to_install": [
        "out"
      ],
      "outputs": {
        "out": "/nix/store/v9qp5h7wfihc06dd5vy9hicipljsd8p5-grafana-loki-3.6.8"
      },
      "system": "aarch64-linux",
      "group": "toplevel",
      "priority": 5
    },
    {
      "attr_path": "grafana-loki",
      "broken": false,
      "derivation": "/nix/store/mrh84vqlyzyz41h7jjv6q155hg1kipkb-grafana-loki-3.6.8.drv",
      "description": "Like Prometheus, but for logs",
      "install_id": "grafana-loki",
      "license": "[ AGPL-3.0-only, Apache-2.0 ]",
      "locked_url": "https://github.com/flox/nixpkgs?rev=6201e203d09599479a3b3450ed24fa81537ebc4e",
      "name": "grafana-loki-3.6.8",
      "pname": "grafana-loki",
      "rev": "6201e203d09599479a3b3450ed24fa81537ebc4e",
      "rev_count": 972949,
      "rev_date": "2026-04-01T09:47:46Z",
      "scrape_date": "2026-04-02T19:02:19.598950Z",
      "stabilities": [
        "staging",
        "unstable"
      ],
      "unfree": false,
      "version": "3.6.8",
      "outputs_to_install": [
        "out"
      ],
      "outputs": {
        "out": "/nix/store/c5ab0jr8yn4mkq88j2lamp0l9pqlk9v2-grafana-loki-3.6.8"
      },
      "system": "x86_64-darwin",
      "group": "toplevel",
      "priority": 5
    },
    {
      "attr_path": "grafana-loki",
      "broken": false,
      "derivation": "/nix/store/0m725xylxpij0kz0xa9gjbfphm8an9d7-grafana-loki-3.6.8.drv",
      "description": "Like Prometheus, but for logs",
      "install_id": "grafana-loki",
      "license": "[ AGPL-3.0-only, Apache-2.0 ]",
      "locked_url": "https://github.com/flox/nixpkgs?rev=6201e203d09599479a3b3450ed24fa81537ebc4e",
      "name": "grafana-loki-3.6.8",
      "pname": "grafana-loki",
      "rev": "6201e203d09599479a3b3450ed24fa81537ebc4e",
      "rev_count": 972949,
      "rev_date": "2026-04-01T09:47:46Z",
      "scrape_date": "2026-04-02T19:36:34.130655Z",
      "stabilities": [
        "staging",
        "unstable"
      ],
      "unfree": false,
      "version": "3.6.8",
      "outputs_to_install": [
        "out"
      ],
      "outputs": {
        "out": "/nix/store/7njwk6nbsgvplknkhb600dgabwzvzkr3-grafana-loki-3.6.8"
      },
      "system": "x86_64-linux",
      "group": "toplevel",
      "priority": 5
    },
    {
      "attr_path": "prometheus",
      "broken": false,
      "derivation": "/nix/store/cpvc6saqa6s1496mczdbmfjq4nyxhxlp-prometheus-3.10.0.drv",
      "description": "Service monitoring system and time series database",
      "install_id": "prometheus",
      "license": "Apache-2.0",
      "locked_url": "https://github.com/flox/nixpkgs?rev=6201e203d09599479a3b3450ed24fa81537ebc4e",
      "name": "prometheus-3.10.0",
      "pname": "prometheus",
      "rev": "6201e203d09599479a3b3450ed24fa81537ebc4e",
      "rev_count": 972949,
      "rev_date": "2026-04-01T09:47:46Z",
      "scrape_date": "2026-04-02T18:01:42.052784Z",
      "stabilities": [
        "staging",
        "unstable"
      ],
      "unfree": false,
      "version": "3.10.0",
      "outputs_to_install": [
        "out"
      ],
      "outputs": {
        "cli": "/nix/store/zix8c4xs2g7dw6ra5kcxj1hg7yfm22vm-prometheus-3.10.0-cli",
        "doc": "/nix/store/671k5943yi9g7rx7vkq7zbyixr6lslh0-prometheus-3.10.0-doc",
        "out": "/nix/store/n2m1n6q7qhm7lj1yhjnpxmr0j3mnaswm-prometheus-3.10.0"
      },
      "system": "aarch64-darwin",
      "group": "toplevel",
      "priority": 5
    },
    {
      "attr_path": "prometheus",
      "broken": false,
      "derivation": "/nix/store/9myx43wh5712w52lxsqqcm51m84kjkps-prometheus-3.10.0.drv",
      "description": "Service monitoring system and time series database",
      "install_id": "prometheus",
      "license": "Apache-2.0",
      "locked_url": "https://github.com/flox/nixpkgs?rev=6201e203d09599479a3b3450ed24fa81537ebc4e",
      "name": "prometheus-3.10.0",
      "pname": "prometheus",
      "rev": "6201e203d09599479a3b3450ed24fa81537ebc4e",
      "rev_count": 972949,
      "rev_date": "2026-04-01T09:47:46Z",
      "scrape_date": "2026-04-02T18:33:32.023753Z",
      "stabilities": [
        "staging",
        "unstable"
      ],
      "unfree": false,
      "version": "3.10.0",
      "outputs_to_install": [
        "out"
      ],
      "outputs": {
        "cli": "/nix/store/y0czv18a6zqk6g0ns638q0ixzl3mc044-prometheus-3.10.0-cli",
        "doc": "/nix/store/vmpqf3j77g55r57vpygmhfarl1lrhgq3-prometheus-3.10.0-doc",
        "out": "/nix/store/s2iavfpshjaw0g4whn4aall64lp1rmpf-prometheus-3.10.0"
      },
      "system": "aarch64-linux",
      "group": "toplevel",
      "priority": 5
    },
    {
      "attr_path": "prometheus",
      "broken": false,
      "derivation": "/nix/store/s658swa2dm12rp1vvq4a6fjmv3669qax-prometheus-3.10.0.drv",
      "description": "Service monitoring system and time series database",
      "install_id": "prometheus",
      "license": "Apache-2.0",
      "locked_url": "https://github.com/flox/nixpkgs?rev=6201e203d09599479a3b3450ed24fa81537ebc4e",
      "name": "prometheus-3.10.0",
      "pname": "prometheus",
      "rev": "6201e203d09599479a3b3450ed24fa81537ebc4e",
      "rev_count": 972949,
      "rev_date": "2026-04-01T09:47:46Z",
      "scrape_date": "2026-04-02T19:02:56.524309Z",
      "stabilities": [
        "staging",
        "unstable"
      ],
      "unfree": false,
      "version": "3.10.0",
      "outputs_to_install": [
        "out"
      ],
      "outputs": {
        "cli": "/nix/store/bc6nbp2b4cnz0gfywx1xskviqn3d2xl9-prometheus-3.10.0-cli",
        "doc": "/nix/store/6580jg2c7qa9h101vwlm63p4syqvsvh4-prometheus-3.10.0-doc",
        "out": "/nix/store/72zrzdbsb3a2mi3izafzx0h89bpk87z1-prometheus-3.10.0"
      },
      "system": "x86_64-darwin",
      "group": "toplevel",
      "priority": 5
    },
    {
      "attr_path": "prometheus",
      "broken": false,
      "derivation": "/nix/store/mpdzpx0bpwcyjddr1063hkvr4gzzjm79-prometheus-3.10.0.drv",
      "description": "Service monitoring system and time series database",
      "install_id": "prometheus",
      "license": "Apache-2.0",
      "locked_url": "https://github.com/flox/nixpkgs?rev=6201e203d09599479a3b3450ed24fa81537ebc4e",
      "name": "prometheus-3.10.0",
      "pname": "prometheus",
      "rev": "6201e203d09599479a3b3450ed24fa81537ebc4e",
      "rev_count": 972949,
      "rev_date": "2026-04-01T09:47:46Z",
      "scrape_date": "2026-04-02T19:37:33.350350Z",
      "stabilities": [
        "staging",
        "unstable"
      ],
      "unfree": false,
      "version": "3.10.0",
      "outputs_to_install": [
        "out"
      ],
      "outputs": {
        "cli": "/nix/store/v4f96n4wvday2grr33k7pcz8syaj424f-prometheus-3.10.0-cli",
        "doc": "/nix/store/pvkmr3cgqrppaalsjfb1xr673jhwif7w-prometheus-3.10.0-doc",
        "out": "/nix/store/pflz4rcsr57lp0cavaidsnnrij0q01h8-prometheus-3.10.0"
      },
      "system": "x86_64-linux",
      "group": "toplevel",
      "priority": 5
    },
    {
      "attr_path": "python3",
      "broken": false,
      "derivation": "/nix/store/krwwaljrhx0f8rykjbxzwhjqhn8iq64d-python3-3.13.12.drv",
      "description": "High-level dynamically-typed programming language",
      "install_id": "python3",
      "license": "Python-2.0",
      "locked_url": "https://github.com/flox/nixpkgs?rev=6201e203d09599479a3b3450ed24fa81537ebc4e",
      "name": "python3-3.13.12",
      "pname": "python3",
      "rev": "6201e203d09599479a3b3450ed24fa81537ebc4e",
      "rev_count": 972949,
      "rev_date": "2026-04-01T09:47:46Z",
      "scrape_date": "2026-04-02T18:01:42.662619Z",
      "stabilities": [
        "staging",
        "unstable"
      ],
      "unfree": false,
      "version": "3.13.12",
      "outputs_to_install": [
        "out",
        "out",
        "out"
      ],
      "outputs": {
        "out": "/nix/store/qabiwfbf61gaky68k0klvyjvd8zavmxb-python3-3.13.12"
      },
      "system": "aarch64-darwin",
      "group": "toplevel",
      "priority": 5
    },
    {
      "attr_path": "python3",
      "broken": false,
      "derivation": "/nix/store/nxvwxd34qjxfwm1cx3kpalrd6xcsydla-python3-3.13.12.drv",
      "description": "High-level dynamically-typed programming language",
      "install_id": "python3",
      "license": "Python-2.0",
      "locked_url": "https://github.com/flox/nixpkgs?rev=6201e203d09599479a3b3450ed24fa81537ebc4e",
      "name": "python3-3.13.12",
      "pname": "python3",
      "rev": "6201e203d09599479a3b3450ed24fa81537ebc4e",
      "rev_count": 972949,
      "rev_date": "2026-04-01T09:47:46Z",
      "scrape_date": "2026-04-02T18:33:32.920212Z",
      "stabilities": [
        "staging",
        "unstable"
      ],
      "unfree": false,
      "version": "3.13.12",
      "outputs_to_install": [
        "out",
        "out",
        "out",
        "out"
      ],
      "outputs": {
        "debug": "/nix/store/q6kvsi3vgc4xvnp3yzibg03a22cw86r2-python3-3.13.12-debug",
        "out": "/nix/store/nnz5k19wbai97d7y2x11qaq6dgxzhq4w-python3-3.13.12"
      },
      "system": "aarch64-linux",
      "group": "toplevel",
      "priority": 5
    },
    {
      "attr_path": "python3",
      "broken": false,
      "derivation": "/nix/store/0bqzghzk3p5ss7wvxgfjw2k49wmiddkj-python3-3.13.12.drv",
      "description": "High-level dynamically-typed programming language",
      "install_id": "python3",
      "license": "Python-2.0",
      "locked_url": "https://github.com/flox/nixpkgs?rev=6201e203d09599479a3b3450ed24fa81537ebc4e",
      "name": "python3-3.13.12",
      "pname": "python3",
      "rev": "6201e203d09599479a3b3450ed24fa81537ebc4e",
      "rev_count": 972949,
      "rev_date": "2026-04-01T09:47:46Z",
      "scrape_date": "2026-04-02T19:02:57.136749Z",
      "stabilities": [
        "staging",
        "unstable"
      ],
      "unfree": false,
      "version": "3.13.12",
      "outputs_to_install": [
        "out",
        "out"
      ],
      "outputs": {
        "out": "/nix/store/qcpx0pjlgkigibqijdy1wsy2kmc8shd2-python3-3.13.12"
      },
      "system": "x86_64-darwin",
      "group": "toplevel",
      "priority": 5
    },
    {
      "attr_path": "python3",
      "broken": false,
      "derivation": "/nix/store/makmgpqhagbsvfs49dywc7r7a0kv8any-python3-3.13.12.drv",
      "description": "High-level dynamically-typed programming language",
      "install_id": "python3",
      "license": "Python-2.0",
      "locked_url": "https://github.com/flox/nixpkgs?rev=6201e203d09599479a3b3450ed24fa81537ebc4e",
      "name": "python3-3.13.12",
      "pname": "python3",
      "rev": "6201e203d09599479a3b3450ed24fa81537ebc4e",
      "rev_count": 972949,
      "rev_date": "2026-04-01T09:47:46Z",
      "scrape_date": "2026-04-02T19:37:34.343029Z",
      "stabilities": [
        "staging",
        "unstable"
      ],
      "unfree": false,
      "version": "3.13.12",
      "outputs_to_install": [
        "out",
        "out",
        "out",
        "out",
        "out",
        "out",
        "out"
      ],
      "outputs": {
        "debug": "/nix/store/nj0fy51wymai8wp1y7dbk08g6pvjw1a1-python3-3.13.12-debug",
        "out": "/nix/store/pzdalg368npikvpq4ncz2saxnz19v53k-python3-3.13.12"
      },
      "system": "x86_64-linux",
      "group": "toplevel",
      "priority": 5
    },
    {
      "attr_path": "temporal-cli",
      "broken": false,
      "derivation": "/nix/store/s2wk8zqz22ya6955gr9l9mhv40rbhw5x-temporal-cli-1.6.1.drv",
      "description": "Command-line interface for running Temporal Server and interacting with Workflows, Activities, Namespaces, and other parts of Temporal",
      "install_id": "temporal-cli",
      "license": "MIT",
      "locked_url": "https://github.com/flox/nixpkgs?rev=6201e203d09599479a3b3450ed24fa81537ebc4e",
      "name": "temporal-cli-1.6.1",
      "pname": "temporal-cli",
      "rev": "6201e203d09599479a3b3450ed24fa81537ebc4e",
      "rev_count": 972949,
      "rev_date": "2026-04-01T09:47:46Z",
      "scrape_date": "2026-04-02T18:02:53.176050Z",
      "stabilities": [
        "staging",
        "unstable"
      ],
      "unfree": false,
      "version": "1.6.1",
      "outputs_to_install": [
        "out"
      ],
      "outputs": {
        "out": "/nix/store/qz6rafsqd3011vvj75sqfa0a34g94vc8-temporal-cli-1.6.1"
      },
      "system": "aarch64-darwin",
      "group": "toplevel",
      "priority": 5
    },
    {
      "attr_path": "temporal-cli",
      "broken": false,
      "derivation": "/nix/store/ffl1lrdi01p6qijyprshwi7r7h2clqw2-temporal-cli-1.6.1.drv",
      "description": "Command-line interface for running Temporal Server and interacting with Workflows, Activities, Namespaces, and other parts of Temporal",
      "install_id": "temporal-cli",
      "license": "MIT",
      "locked_url": "https://github.com/flox/nixpkgs?rev=6201e203d09599479a3b3450ed24fa81537ebc4e",
      "name": "temporal-cli-1.6.1",
      "pname": "temporal-cli",
      "rev": "6201e203d09599479a3b3450ed24fa81537ebc4e",
      "rev_count": 972949,
      "rev_date": "2026-04-01T09:47:46Z",
      "scrape_date": "2026-04-02T18:34:57.484382Z",
      "stabilities": [
        "staging",
        "unstable"
      ],
      "unfree": false,
      "version": "1.6.1",
      "outputs_to_install": [
        "out"
      ],
      "outputs": {
        "out": "/nix/store/prd8v9vl6vgwxdb39y059p6zy5hp0i5r-temporal-cli-1.6.1"
      },
      "system": "aarch64-linux",
      "group": "toplevel",
      "priority": 5
    },
    {
      "attr_path": "temporal-cli",
      "broken": false,
      "derivation": "/nix/store/cdxlhh58pjdq1d56jlnzngkm0ka4c6li-temporal-cli-1.6.1.drv",
      "description": "Command-line interface for running Temporal Server and interacting with Workflows, Activities, Namespaces, and other parts of Temporal",
      "install_id": "temporal-cli",
      "license": "MIT",
      "locked_url": "https://github.com/flox/nixpkgs?rev=6201e203d09599479a3b3450ed24fa81537ebc4e",
      "name": "temporal-cli-1.6.1",
      "pname": "temporal-cli",
      "rev": "6201e203d09599479a3b3450ed24fa81537ebc4e",
      "rev_count": 972949,
      "rev_date": "2026-04-01T09:47:46Z",
      "scrape_date": "2026-04-02T19:04:05.163783Z",
      "stabilities": [
        "staging",
        "unstable"
      ],
      "unfree": false,
      "version": "1.6.1",
      "outputs_to_install": [
        "out"
      ],
      "outputs": {
        "out": "/nix/store/d365hdq6d9mgqb5xi3xf5g2gg0v724cv-temporal-cli-1.6.1"
      },
      "system": "x86_64-darwin",
      "group": "toplevel",
      "priority": 5
    },
    {
      "attr_path": "temporal-cli",
      "broken": false,
      "derivation": "/nix/store/83ybswckffdgra474bmbd2qgn77msc1g-temporal-cli-1.6.1.drv",
      "description": "Command-line interface for running Temporal Server and interacting with Workflows, Activities, Namespaces, and other parts of Temporal",
      "install_id": "temporal-cli",
      "license": "MIT",
      "locked_url": "https://github.com/flox/nixpkgs?rev=6201e203d09599479a3b3450ed24fa81537ebc4e",
      "name": "temporal-cli-1.6.1",
      "pname": "temporal-cli",
      "rev": "6201e203d09599479a3b3450ed24fa81537ebc4e",
      "rev_count": 972949,
      "rev_date": "2026-04-01T09:47:46Z",
      "scrape_date": "2026-04-02T19:39:05.274325Z",
      "stabilities": [
        "staging",
        "unstable"
      ],
      "unfree": false,
      "version": "1.6.1",
      "outputs_to_install": [
        "out"
      ],
      "outputs": {
        "out": "/nix/store/ck8idrh274jpd98kzpvfjmlfnxp48410-temporal-cli-1.6.1"
      },
      "system": "x86_64-linux",
      "group": "toplevel",
      "priority": 5
    }
  ]
}
